{
  "name": "testconsoleutility",
  "version": "1.0.0",
  "lockfileVersion": 1,
  "requires": true,
  "dependencies": {
    "@broxus/await-semaphore": {
      "version": "0.1.5",
      "resolved": "https://registry.npmjs.org/@broxus/await-semaphore/-/await-semaphore-0.1.5.tgz",
      "integrity": "sha512-g464HtHHKxk6r6bkZc+lET1PuSgcFxlLHVb7EAqfxTlx6DRcYkjPRIQQhRHB3BQ6zRpfMrYkppL0tBtRED+HNA=="
    },
    "events": {
      "version": "3.3.0",
      "resolved": "https://registry.npmjs.org/events/-/events-3.3.0.tgz",
      "integrity": "sha512-mQw+2fkQbALzQ7V0MY0IqdnXNOeTtP4r0lN9z7AAawCXgqea7bDii20AYrIBrFd/Hx0M2Ocz6S111CaFkUcb0Q=="
    },
    "everscale-crypto": {
      "version": "0.1.1",
      "resolved": "https://registry.npmjs.org/everscale-crypto/-/everscale-crypto-0.1.1.tgz",
      "integrity": "sha512-DoocTqkz1cayTu4UDdP7dUEcDMfCqchNNKhIgsXQAqhlwRExsNQ1Omo2C/JiuQ3rMzr3XxvqrCwLeLTiOrbXYQ=="
    },
    "everscale-inpage-provider": {
      "version": "0.3.28",
      "resolved": "https://registry.npmjs.org/everscale-inpage-provider/-/everscale-inpage-provider-0.3.28.tgz",
      "integrity": "sha512-0oUUTgagOj0x8XZT+ktE4vOPtqVM8odrE2TkkQcrdJ0tJ+23DLT7UNjeC6ByuMJTMavlwq75YCkoZKFPKS38HA=="
    },
    "everscale-standalone-client": {
      "version": "2.0.21",
      "resolved": "https://registry.npmjs.org/everscale-standalone-client/-/everscale-standalone-client-2.0.21.tgz",
      "integrity": "sha512-lbo/xlLHKxDxNJQCNzEO0llZ/OmdcpF1phoD5ZClOORV1upXKGH9XedQtXpvzWVzUFXCMpo2pcu7tabUhOIS6Q==",
      "requires": {
        "@broxus/await-semaphore": "^0.1.5",
        "events": "^3.3.0",
        "everscale-inpage-provider": "^0.3.28",
        "fast-safe-stringify": "^2.1.1",
        "nekoton-wasm": "^0.5.11",
        "node-fetch": "^2.6.7"
      }
    },
    "fast-safe-stringify": {
      "version": "2.1.1",
      "resolved": "https://registry.npmjs.org/fast-safe-stringify/-/fast-safe-stringify-2.1.1.tgz",
      "integrity": "sha512-W+KJc2dmILlPplD/H4K9l9LcAHAfPtP6BY84uVLXQ6Evcz9Lcg33Y2z1IVblT6xdY54PXYVHEv+0Wpq8Io6zkA=="
    },
    "nekoton-wasm": {
      "version": "0.5.11",
      "resolved": "https://registry.npmjs.org/nekoton-wasm/-/nekoton-wasm-0.5.11.tgz",
      "integrity": "sha512-xLSj/ax0/2Qsd/kveGGvPeLtgjbdVw0WjQBvEyg/RCqZkf44EvSgNyBWLyLQPHr7bowUhhy8oFUVxuS791ZMPg=="
    },
    "node-fetch": {
      "version": "2.6.7",
      "resolved": "https://registry.npmjs.org/node-fetch/-/node-fetch-2.6.7.tgz",
      "integrity": "sha512-ZjMPFEfVx5j+y2yF35Kzx5sF7kDzxuDj6ziH4FFbOp87zKDZNx8yExJIb05OGF4Nlt9IHFIMBkRl41VdvcNdbQ==",
      "requires": {
        "whatwg-url": "^5.0.0"
      }
    },
    "tr46": {
      "version": "0.0.3",
      "resolved": "https://registry.npmjs.org/tr46/-/tr46-0.0.3.tgz",
      "integrity": "sha512-N3WMsuqV66lT30CrXNbEjx4GEwlow3v6rr4mCcv6prnfwhS01rkgyFdjPNBYd9br7LpXV1+Emh01fHnq2Gdgrw=="
    },
    "webidl-conversions": {
      "version": "3.0.1",
      "resolved": "https://registry.npmjs.org/webidl-conversions/-/webidl-conversions-3.0.1.tgz",
      "integrity": "sha512-2JAn3z8AR6rjK8Sm8orRC0h/bcl/DqL7tRPdGZ4I1CjdF+EaMLmYxBHyXuKL849eucPFhvBoxMsflfOb8kxaeQ=="
    },
    "whatwg-url": {
      "version": "5.0.0",
      "resolved": "https://registry.npmjs.org/whatwg-url/-/whatwg-url-5.0.0.tgz",
      "integrity": "sha512-saE57nupxk6v3HY35+jzBwYa0rKSy0XR8JSxZPwgLr7ys0IBzhGviA1/TUGJLmSVqs8pb9AnvICXEuOHLprYTw==",
      "requires": {
        "tr46": "~0.0.3",
        "webidl-conversions": "^3.0.0"
      }
    }
  }
}
